
Microsoft Visual Studio Solution File, Format Version 12.00
# Visual Studio Version 17
VisualStudioVersion = 17.2.32516.85
MinimumVisualStudioVersion = 10.0.40219.1
Project("{9A19103F-16F7-4668-BE54-9A1E7A4F7556}") = "EventsApi", "EventsApi.csproj", "{4BE0C044-D3A6-4233-815E-C2D33E6A4818}"
EndProject
Global
	GlobalSection(SolutionConfigurationPlatforms) = preSolution
		Debug|Any CPU = Debug|Any CPU
		Release|Any CPU = Release|Any CPU
	EndGlobalSection
	GlobalSection(ProjectConfigurationPlatforms) = postSolution
		{4BE0C044-D3A6-4233-815E-C2D33E6A4818}.Debug|Any CPU.ActiveCfg = Debug|Any CPU
		{4BE0C044-D3A6-4233-815E-C2D33E6A4818}.Debug|Any CPU.Build.0 = Debug|Any CPU
		{4BE0C044-D3A6-4233-815E-C2D33E6A4818}.Release|Any CPU.ActiveCfg = Release|Any CPU
		{4BE0C044-D3A6-4233-815E-C2D33E6A4818}.Release|Any CPU.Build.0 = Release|Any CPU
	EndGlobalSection
	GlobalSection(SolutionProperties) = preSolution
		HideSolutionNode = FALSE
	EndGlobalSection
	GlobalSection(ExtensibilityGlobals) = postSolution
		SolutionGuid = {14878E69-30F7-4FD5-BB2F-F2FD012A3C49}
	EndGlobalSection
EndGlobal
